
Microsoft Visual Studio Solution File, Format Version 12.00
# Visual Studio Version 16
VisualStudioVersion = 16.0.29806.167
MinimumVisualStudioVersion = 10.0.40219.1
Project("{2150E333-8FDC-42A3-9474-1A3956D46DE8}") = "ApiGateways", "ApiGateways", "{555463EC-183F-4416-A627-05BFA7186929}"
EndProject
Project("{2150E333-8FDC-42A3-9474-1A3956D46DE8}") = "Services", "Services", "{DCDE54CC-943D-4D61-8DE7-25092B5F832A}"
EndProject
Project("{2150E333-8FDC-42A3-9474-1A3956D46DE8}") = "Web", "Web", "{8A2EAC51-0EBB-4D20-B645-F350A4789C70}"
EndProject
Project("{2150E333-8FDC-42A3-9474-1A3956D46DE8}") = "Infrastructure", "Infrastructure", "{FA0ABDF2-4E73-440E-B961-1EACD58D0B5E}"
EndProject
Project("{9A19103F-16F7-4668-BE54-9A1E7A4F7556}") = "Infrastructure.Domain", "Infrastructure\Infrastructure.Domain\Infrastructure.Domain.csproj", "{A489D69C-FB95-47B4-B9CA-6E0BF9CBE6E5}"
EndProject
Project("{9A19103F-16F7-4668-BE54-9A1E7A4F7556}") = "Infrastructure.Utilities", "Infrastructure\Infrastructure.Utilities\Infrastructure.Utilities.csproj", "{2783AE62-F4CD-47E4-AFD2-D6AF33D828EA}"
EndProject
Project("{9A19103F-16F7-4668-BE54-9A1E7A4F7556}") = "Infrastructure.Api", "Infrastructure\Infrastructure.Api\Infrastructure.Api.csproj", "{5CF5DAC1-BF4C-4FCE-81B9-0867EF54C217}"
EndProject
Project("{2150E333-8FDC-42A3-9474-1A3956D46DE8}") = "CustomerManagement", "CustomerManagement", "{D925D6D3-9FDC-4800-8A04-5B47639D38CE}"
EndProject
Project("{2150E333-8FDC-42A3-9474-1A3956D46DE8}") = "Identity", "Identity", "{679F0B11-684E-43FA-A1A2-6C8328FFFD9D}"
EndProject
Project("{9A19103F-16F7-4668-BE54-9A1E7A4F7556}") = "CustomerManagement.Api", "Services\CustomerManagement\CustomerManagement.Api\CustomerManagement.Api.csproj", "{D449CF2B-50C9-416A-963B-945D759DEC81}"
EndProject
Project("{9A19103F-16F7-4668-BE54-9A1E7A4F7556}") = "CustomerManagement.Commands", "Services\CustomerManagement\CustomerManagement.Commands\CustomerManagement.Commands.csproj", "{67E73BA5-C569-4B78-B520-BD2BBB409305}"
EndProject
Project("{9A19103F-16F7-4668-BE54-9A1E7A4F7556}") = "CustomerManagement.CommandsHandler", "Services\CustomerManagement\CustomerManagement.CommandsHandler\CustomerManagement.CommandsHandler.csproj", "{D9E27DFE-F919-4B12-93F9-6D4B95A102B7}"
EndProject
Project("{9A19103F-16F7-4668-BE54-9A1E7A4F7556}") = "CustomerManagement.Domain", "Services\CustomerManagement\CustomerManagement.Domain\CustomerManagement.Domain.csproj", "{639D439B-F005-4342-A9B4-C30947C60352}"
EndProject
Project("{9A19103F-16F7-4668-BE54-9A1E7A4F7556}") = "CustomerManagement.Queries", "Services\CustomerManagement\CustomerManagement.Queries\CustomerManagement.Queries.csproj", "{7A57DDA8-147E-4AF5-849E-E23D384029DA}"
EndProject
Project("{9A19103F-16F7-4668-BE54-9A1E7A4F7556}") = "CustomerManagement.QueriesHandler", "Services\CustomerManagement\CustomerManagement.QueriesHandler\CustomerManagement.QueriesHandler.csproj", "{D6468C40-1B29-4FE2-BC70-F30AFA765EB2}"
EndProject
Project("{9A19103F-16F7-4668-BE54-9A1E7A4F7556}") = "CustomerManagement.Repository", "Services\CustomerManagement\CustomerManagement.Repository\CustomerManagement.Repository.csproj", "{2E3F3237-9F6C-4FA3-8B38-B34BEE0FDC15}"
EndProject
Project("{9A19103F-16F7-4668-BE54-9A1E7A4F7556}") = "Identity.API", "Services\Identity\Identity.API\Identity.API.csproj", "{3804048A-4D0A-4F61-9FD0-936116307817}"
EndProject
Project("{9A19103F-16F7-4668-BE54-9A1E7A4F7556}") = "ApiGateways.Api", "ApiGateways\ApiGateways.Api\ApiGateways.Api.csproj", "{DC2F331E-0819-498E-83BD-5111535C8965}"
EndProject
Project("{2150E333-8FDC-42A3-9474-1A3956D46DE8}") = "Ordering", "Ordering", "{B6A3BA0B-8C7E-4AA1-84F3-B2DC3507BB91}"
EndProject
Project("{2150E333-8FDC-42A3-9474-1A3956D46DE8}") = "Warehouses", "Warehouses", "{9C6A23A5-C421-4459-9427-7DF9317A6373}"
EndProject
Project("{9A19103F-16F7-4668-BE54-9A1E7A4F7556}") = "Ordering.Api", "Services\Ordering\Ordering.Api\Ordering.Api.csproj", "{C90C06AD-CEAA-4B21-8F92-7D1DF87325B7}"
EndProject
Project("{9A19103F-16F7-4668-BE54-9A1E7A4F7556}") = "Warehouses.Api", "Services\Warehouses\Warehouses.Api\Warehouses.Api.csproj", "{6C0E253D-FB5B-4DFC-9C77-CF1E00DE4899}"
EndProject
Project("{9A19103F-16F7-4668-BE54-9A1E7A4F7556}") = "Infrastructure.Core", "Infrastructure\Infrastructure.Core\Infrastructure.Core.csproj", "{5C445A05-5698-40CC-A2C5-61AD778521D4}"
EndProject
Project("{FAE04EC0-301F-11D3-BF4B-00C04F79EFBC}") = "Ordering.Repository", "Services\Ordering\Ordering.Repository\Ordering.Repository.csproj", "{79CF0436-6BB7-4C09-9635-345B833F10B2}"
EndProject
Project("{FAE04EC0-301F-11D3-BF4B-00C04F79EFBC}") = "Ordering.Queries", "Services\Ordering\Ordering.Queries\Ordering.Queries.csproj", "{43CD9202-F1AA-4E9C-B8E2-94DBE4687F19}"
EndProject
Project("{FAE04EC0-301F-11D3-BF4B-00C04F79EFBC}") = "Ordering.QueriesHandler", "Services\Ordering\Ordering.QueriesHandler\Ordering.QueriesHandler.csproj", "{376EC453-764D-4FDA-A7B9-10D8CC0EE682}"
EndProject
Project("{FAE04EC0-301F-11D3-BF4B-00C04F79EFBC}") = "Ordering.Domain", "Services\Ordering\Ordering.Domain\Ordering.Domain.csproj", "{65029AA4-E64F-4F5E-BE39-D46805B86A60}"
EndProject
Project("{FAE04EC0-301F-11D3-BF4B-00C04F79EFBC}") = "Ordering.Commands", "Services\Ordering\Ordering.Commands\Ordering.Commands.csproj", "{8D311C19-A082-4E29-B2A4-C8A748AFFAD6}"
EndProject
Project("{FAE04EC0-301F-11D3-BF4B-00C04F79EFBC}") = "Ordering.CommandsHandler", "Services\Ordering\Ordering.CommandsHandler\Ordering.CommandsHandler.csproj", "{F1FFDD68-DD2A-46CD-8542-C16EBEFA3AF8}"
EndProject
Project("{FAE04EC0-301F-11D3-BF4B-00C04F79EFBC}") = "Warehouses.Commands", "Services\Warehouses\Warehouses.Commands\Warehouses.Commands.csproj", "{5FDF6F00-5B08-4A0A-A896-1BA1CA095141}"
EndProject
Project("{FAE04EC0-301F-11D3-BF4B-00C04F79EFBC}") = "Warehouses.CommandsHandler", "Services\Warehouses\Warehouses.CommandsHandler\Warehouses.CommandsHandler.csproj", "{71EEEBB8-DB61-4600-A74A-1BD4F785DB63}"
EndProject
Project("{FAE04EC0-301F-11D3-BF4B-00C04F79EFBC}") = "Warehouses.Domain", "Services\Warehouses\Warehouses.Domain\Warehouses.Domain.csproj", "{D5C9B4FF-EB9A-4E31-AD3C-42CD58DEF1EA}"
EndProject
Project("{FAE04EC0-301F-11D3-BF4B-00C04F79EFBC}") = "Warehouses.Queries", "Services\Warehouses\Warehouses.Queries\Warehouses.Queries.csproj", "{E53E7755-C6B6-4DC1-832F-4AFCE9B92AE9}"
EndProject
Project("{FAE04EC0-301F-11D3-BF4B-00C04F79EFBC}") = "Warehouses.QueriesHandler", "Services\Warehouses\Warehouses.QueriesHandler\Warehouses.QueriesHandler.csproj", "{05960D40-C361-4FE8-AA84-44A8D954324D}"
EndProject
Project("{FAE04EC0-301F-11D3-BF4B-00C04F79EFBC}") = "Warehouses.Repository", "Services\Warehouses\Warehouses.Repository\Warehouses.Repository.csproj", "{4334B9FB-D6E2-4F3B-BCBE-0C006759C815}"
EndProject
Global
	GlobalSection(SolutionConfigurationPlatforms) = preSolution
		Debug|Any CPU = Debug|Any CPU
		Release|Any CPU = Release|Any CPU
	EndGlobalSection
	GlobalSection(ProjectConfigurationPlatforms) = postSolution
		{A489D69C-FB95-47B4-B9CA-6E0BF9CBE6E5}.Debug|Any CPU.ActiveCfg = Debug|Any CPU
		{A489D69C-FB95-47B4-B9CA-6E0BF9CBE6E5}.Debug|Any CPU.Build.0 = Debug|Any CPU
		{A489D69C-FB95-47B4-B9CA-6E0BF9CBE6E5}.Release|Any CPU.ActiveCfg = Release|Any CPU
		{A489D69C-FB95-47B4-B9CA-6E0BF9CBE6E5}.Release|Any CPU.Build.0 = Release|Any CPU
		{2783AE62-F4CD-47E4-AFD2-D6AF33D828EA}.Debug|Any CPU.ActiveCfg = Debug|Any CPU
		{2783AE62-F4CD-47E4-AFD2-D6AF33D828EA}.Debug|Any CPU.Build.0 = Debug|Any CPU
		{2783AE62-F4CD-47E4-AFD2-D6AF33D828EA}.Release|Any CPU.ActiveCfg = Release|Any CPU
		{2783AE62-F4CD-47E4-AFD2-D6AF33D828EA}.Release|Any CPU.Build.0 = Release|Any CPU
		{5CF5DAC1-BF4C-4FCE-81B9-0867EF54C217}.Debug|Any CPU.ActiveCfg = Debug|Any CPU
		{5CF5DAC1-BF4C-4FCE-81B9-0867EF54C217}.Debug|Any CPU.Build.0 = Debug|Any CPU
		{5CF5DAC1-BF4C-4FCE-81B9-0867EF54C217}.Release|Any CPU.ActiveCfg = Release|Any CPU
		{5CF5DAC1-BF4C-4FCE-81B9-0867EF54C217}.Release|Any CPU.Build.0 = Release|Any CPU
		{D449CF2B-50C9-416A-963B-945D759DEC81}.Debug|Any CPU.ActiveCfg = Debug|Any CPU
		{D449CF2B-50C9-416A-963B-945D759DEC81}.Debug|Any CPU.Build.0 = Debug|Any CPU
		{D449CF2B-50C9-416A-963B-945D759DEC81}.Release|Any CPU.ActiveCfg = Release|Any CPU
		{D449CF2B-50C9-416A-963B-945D759DEC81}.Release|Any CPU.Build.0 = Release|Any CPU
		{67E73BA5-C569-4B78-B520-BD2BBB409305}.Debug|Any CPU.ActiveCfg = Debug|Any CPU
		{67E73BA5-C569-4B78-B520-BD2BBB409305}.Debug|Any CPU.Build.0 = Debug|Any CPU
		{67E73BA5-C569-4B78-B520-BD2BBB409305}.Release|Any CPU.ActiveCfg = Release|Any CPU
		{67E73BA5-C569-4B78-B520-BD2BBB409305}.Release|Any CPU.Build.0 = Release|Any CPU
		{D9E27DFE-F919-4B12-93F9-6D4B95A102B7}.Debug|Any CPU.ActiveCfg = Debug|Any CPU
		{D9E27DFE-F919-4B12-93F9-6D4B95A102B7}.Debug|Any CPU.Build.0 = Debug|Any CPU
		{D9E27DFE-F919-4B12-93F9-6D4B95A102B7}.Release|Any CPU.ActiveCfg = Release|Any CPU
		{D9E27DFE-F919-4B12-93F9-6D4B95A102B7}.Release|Any CPU.Build.0 = Release|Any CPU
		{639D439B-F005-4342-A9B4-C30947C60352}.Debug|Any CPU.ActiveCfg = Debug|Any CPU
		{639D439B-F005-4342-A9B4-C30947C60352}.Debug|Any CPU.Build.0 = Debug|Any CPU
		{639D439B-F005-4342-A9B4-C30947C60352}.Release|Any CPU.ActiveCfg = Release|Any CPU
		{639D439B-F005-4342-A9B4-C30947C60352}.Release|Any CPU.Build.0 = Release|Any CPU
		{7A57DDA8-147E-4AF5-849E-E23D384029DA}.Debug|Any CPU.ActiveCfg = Debug|Any CPU
		{7A57DDA8-147E-4AF5-849E-E23D384029DA}.Debug|Any CPU.Build.0 = Debug|Any CPU
		{7A57DDA8-147E-4AF5-849E-E23D384029DA}.Release|Any CPU.ActiveCfg = Release|Any CPU
		{7A57DDA8-147E-4AF5-849E-E23D384029DA}.Release|Any CPU.Build.0 = Release|Any CPU
		{D6468C40-1B29-4FE2-BC70-F30AFA765EB2}.Debug|Any CPU.ActiveCfg = Debug|Any CPU
		{D6468C40-1B29-4FE2-BC70-F30AFA765EB2}.Debug|Any CPU.Build.0 = Debug|Any CPU
		{D6468C40-1B29-4FE2-BC70-F30AFA765EB2}.Release|Any CPU.ActiveCfg = Release|Any CPU
		{D6468C40-1B29-4FE2-BC70-F30AFA765EB2}.Release|Any CPU.Build.0 = Release|Any CPU
		{2E3F3237-9F6C-4FA3-8B38-B34BEE0FDC15}.Debug|Any CPU.ActiveCfg = Debug|Any CPU
		{2E3F3237-9F6C-4FA3-8B38-B34BEE0FDC15}.Debug|Any CPU.Build.0 = Debug|Any CPU
		{2E3F3237-9F6C-4FA3-8B38-B34BEE0FDC15}.Release|Any CPU.ActiveCfg = Release|Any CPU
		{2E3F3237-9F6C-4FA3-8B38-B34BEE0FDC15}.Release|Any CPU.Build.0 = Release|Any CPU
		{3804048A-4D0A-4F61-9FD0-936116307817}.Debug|Any CPU.ActiveCfg = Debug|Any CPU
		{3804048A-4D0A-4F61-9FD0-936116307817}.Debug|Any CPU.Build.0 = Debug|Any CPU
		{3804048A-4D0A-4F61-9FD0-936116307817}.Release|Any CPU.ActiveCfg = Release|Any CPU
		{3804048A-4D0A-4F61-9FD0-936116307817}.Release|Any CPU.Build.0 = Release|Any CPU
		{DC2F331E-0819-498E-83BD-5111535C8965}.Debug|Any CPU.ActiveCfg = Debug|Any CPU
		{DC2F331E-0819-498E-83BD-5111535C8965}.Debug|Any CPU.Build.0 = Debug|Any CPU
		{DC2F331E-0819-498E-83BD-5111535C8965}.Release|Any CPU.ActiveCfg = Release|Any CPU
		{DC2F331E-0819-498E-83BD-5111535C8965}.Release|Any CPU.Build.0 = Release|Any CPU
		{C90C06AD-CEAA-4B21-8F92-7D1DF87325B7}.Debug|Any CPU.ActiveCfg = Debug|Any CPU
		{C90C06AD-CEAA-4B21-8F92-7D1DF87325B7}.Debug|Any CPU.Build.0 = Debug|Any CPU
		{C90C06AD-CEAA-4B21-8F92-7D1DF87325B7}.Release|Any CPU.ActiveCfg = Release|Any CPU
		{C90C06AD-CEAA-4B21-8F92-7D1DF87325B7}.Release|Any CPU.Build.0 = Release|Any CPU
		{6C0E253D-FB5B-4DFC-9C77-CF1E00DE4899}.Debug|Any CPU.ActiveCfg = Debug|Any CPU
		{6C0E253D-FB5B-4DFC-9C77-CF1E00DE4899}.Debug|Any CPU.Build.0 = Debug|Any CPU
		{6C0E253D-FB5B-4DFC-9C77-CF1E00DE4899}.Release|Any CPU.ActiveCfg = Release|Any CPU
		{6C0E253D-FB5B-4DFC-9C77-CF1E00DE4899}.Release|Any CPU.Build.0 = Release|Any CPU
		{5C445A05-5698-40CC-A2C5-61AD778521D4}.Debug|Any CPU.ActiveCfg = Debug|Any CPU
		{5C445A05-5698-40CC-A2C5-61AD778521D4}.Debug|Any CPU.Build.0 = Debug|Any CPU
		{5C445A05-5698-40CC-A2C5-61AD778521D4}.Release|Any CPU.ActiveCfg = Release|Any CPU
		{5C445A05-5698-40CC-A2C5-61AD778521D4}.Release|Any CPU.Build.0 = Release|Any CPU
		{79CF0436-6BB7-4C09-9635-345B833F10B2}.Debug|Any CPU.ActiveCfg = Debug|Any CPU
		{79CF0436-6BB7-4C09-9635-345B833F10B2}.Debug|Any CPU.Build.0 = Debug|Any CPU
		{79CF0436-6BB7-4C09-9635-345B833F10B2}.Release|Any CPU.ActiveCfg = Release|Any CPU
		{79CF0436-6BB7-4C09-9635-345B833F10B2}.Release|Any CPU.Build.0 = Release|Any CPU
		{43CD9202-F1AA-4E9C-B8E2-94DBE4687F19}.Debug|Any CPU.ActiveCfg = Debug|Any CPU
		{43CD9202-F1AA-4E9C-B8E2-94DBE4687F19}.Debug|Any CPU.Build.0 = Debug|Any CPU
		{43CD9202-F1AA-4E9C-B8E2-94DBE4687F19}.Release|Any CPU.ActiveCfg = Release|Any CPU
		{43CD9202-F1AA-4E9C-B8E2-94DBE4687F19}.Release|Any CPU.Build.0 = Release|Any CPU
		{376EC453-764D-4FDA-A7B9-10D8CC0EE682}.Debug|Any CPU.ActiveCfg = Debug|Any CPU
		{376EC453-764D-4FDA-A7B9-10D8CC0EE682}.Debug|Any CPU.Build.0 = Debug|Any CPU
		{376EC453-764D-4FDA-A7B9-10D8CC0EE682}.Release|Any CPU.ActiveCfg = Release|Any CPU
		{376EC453-764D-4FDA-A7B9-10D8CC0EE682}.Release|Any CPU.Build.0 = Release|Any CPU
		{65029AA4-E64F-4F5E-BE39-D46805B86A60}.Debug|Any CPU.ActiveCfg = Debug|Any CPU
		{65029AA4-E64F-4F5E-BE39-D46805B86A60}.Debug|Any CPU.Build.0 = Debug|Any CPU
		{65029AA4-E64F-4F5E-BE39-D46805B86A60}.Release|Any CPU.ActiveCfg = Release|Any CPU
		{65029AA4-E64F-4F5E-BE39-D46805B86A60}.Release|Any CPU.Build.0 = Release|Any CPU
		{8D311C19-A082-4E29-B2A4-C8A748AFFAD6}.Debug|Any CPU.ActiveCfg = Debug|Any CPU
		{8D311C19-A082-4E29-B2A4-C8A748AFFAD6}.Debug|Any CPU.Build.0 = Debug|Any CPU
		{8D311C19-A082-4E29-B2A4-C8A748AFFAD6}.Release|Any CPU.ActiveCfg = Release|Any CPU
		{8D311C19-A082-4E29-B2A4-C8A748AFFAD6}.Release|Any CPU.Build.0 = Release|Any CPU
		{F1FFDD68-DD2A-46CD-8542-C16EBEFA3AF8}.Debug|Any CPU.ActiveCfg = Debug|Any CPU
		{F1FFDD68-DD2A-46CD-8542-C16EBEFA3AF8}.Debug|Any CPU.Build.0 = Debug|Any CPU
		{F1FFDD68-DD2A-46CD-8542-C16EBEFA3AF8}.Release|Any CPU.ActiveCfg = Release|Any CPU
		{F1FFDD68-DD2A-46CD-8542-C16EBEFA3AF8}.Release|Any CPU.Build.0 = Release|Any CPU
		{5FDF6F00-5B08-4A0A-A896-1BA1CA095141}.Debug|Any CPU.ActiveCfg = Debug|Any CPU
		{5FDF6F00-5B08-4A0A-A896-1BA1CA095141}.Debug|Any CPU.Build.0 = Debug|Any CPU
		{5FDF6F00-5B08-4A0A-A896-1BA1CA095141}.Release|Any CPU.ActiveCfg = Release|Any CPU
		{5FDF6F00-5B08-4A0A-A896-1BA1CA095141}.Release|Any CPU.Build.0 = Release|Any CPU
		{71EEEBB8-DB61-4600-A74A-1BD4F785DB63}.Debug|Any CPU.ActiveCfg = Debug|Any CPU
		{71EEEBB8-DB61-4600-A74A-1BD4F785DB63}.Debug|Any CPU.Build.0 = Debug|Any CPU
		{71EEEBB8-DB61-4600-A74A-1BD4F785DB63}.Release|Any CPU.ActiveCfg = Release|Any CPU
		{71EEEBB8-DB61-4600-A74A-1BD4F785DB63}.Release|Any CPU.Build.0 = Release|Any CPU
		{D5C9B4FF-EB9A-4E31-AD3C-42CD58DEF1EA}.Debug|Any CPU.ActiveCfg = Debug|Any CPU
		{D5C9B4FF-EB9A-4E31-AD3C-42CD58DEF1EA}.Debug|Any CPU.Build.0 = Debug|Any CPU
		{D5C9B4FF-EB9A-4E31-AD3C-42CD58DEF1EA}.Release|Any CPU.ActiveCfg = Release|Any CPU
		{D5C9B4FF-EB9A-4E31-AD3C-42CD58DEF1EA}.Release|Any CPU.Build.0 = Release|Any CPU
		{E53E7755-C6B6-4DC1-832F-4AFCE9B92AE9}.Debug|Any CPU.ActiveCfg = Debug|Any CPU
		{E53E7755-C6B6-4DC1-832F-4AFCE9B92AE9}.Debug|Any CPU.Build.0 = Debug|Any CPU
		{E53E7755-C6B6-4DC1-832F-4AFCE9B92AE9}.Release|Any CPU.ActiveCfg = Release|Any CPU
		{E53E7755-C6B6-4DC1-832F-4AFCE9B92AE9}.Release|Any CPU.Build.0 = Release|Any CPU
		{05960D40-C361-4FE8-AA84-44A8D954324D}.Debug|Any CPU.ActiveCfg = Debug|Any CPU
		{05960D40-C361-4FE8-AA84-44A8D954324D}.Debug|Any CPU.Build.0 = Debug|Any CPU
		{05960D40-C361-4FE8-AA84-44A8D954324D}.Release|Any CPU.ActiveCfg = Release|Any CPU
		{05960D40-C361-4FE8-AA84-44A8D954324D}.Release|Any CPU.Build.0 = Release|Any CPU
		{4334B9FB-D6E2-4F3B-BCBE-0C006759C815}.Debug|Any CPU.ActiveCfg = Debug|Any CPU
		{4334B9FB-D6E2-4F3B-BCBE-0C006759C815}.Debug|Any CPU.Build.0 = Debug|Any CPU
		{4334B9FB-D6E2-4F3B-BCBE-0C006759C815}.Release|Any CPU.ActiveCfg = Release|Any CPU
		{4334B9FB-D6E2-4F3B-BCBE-0C006759C815}.Release|Any CPU.Build.0 = Release|Any CPU
	EndGlobalSection
	GlobalSection(SolutionProperties) = preSolution
		HideSolutionNode = FALSE
	EndGlobalSection
	GlobalSection(NestedProjects) = preSolution
		{A489D69C-FB95-47B4-B9CA-6E0BF9CBE6E5} = {FA0ABDF2-4E73-440E-B961-1EACD58D0B5E}
		{2783AE62-F4CD-47E4-AFD2-D6AF33D828EA} = {FA0ABDF2-4E73-440E-B961-1EACD58D0B5E}
		{5CF5DAC1-BF4C-4FCE-81B9-0867EF54C217} = {FA0ABDF2-4E73-440E-B961-1EACD58D0B5E}
		{D925D6D3-9FDC-4800-8A04-5B47639D38CE} = {DCDE54CC-943D-4D61-8DE7-25092B5F832A}
		{679F0B11-684E-43FA-A1A2-6C8328FFFD9D} = {DCDE54CC-943D-4D61-8DE7-25092B5F832A}
		{D449CF2B-50C9-416A-963B-945D759DEC81} = {D925D6D3-9FDC-4800-8A04-5B47639D38CE}
		{67E73BA5-C569-4B78-B520-BD2BBB409305} = {D925D6D3-9FDC-4800-8A04-5B47639D38CE}
		{D9E27DFE-F919-4B12-93F9-6D4B95A102B7} = {D925D6D3-9FDC-4800-8A04-5B47639D38CE}
		{639D439B-F005-4342-A9B4-C30947C60352} = {D925D6D3-9FDC-4800-8A04-5B47639D38CE}
		{7A57DDA8-147E-4AF5-849E-E23D384029DA} = {D925D6D3-9FDC-4800-8A04-5B47639D38CE}
		{D6468C40-1B29-4FE2-BC70-F30AFA765EB2} = {D925D6D3-9FDC-4800-8A04-5B47639D38CE}
		{2E3F3237-9F6C-4FA3-8B38-B34BEE0FDC15} = {D925D6D3-9FDC-4800-8A04-5B47639D38CE}
		{3804048A-4D0A-4F61-9FD0-936116307817} = {679F0B11-684E-43FA-A1A2-6C8328FFFD9D}
		{DC2F331E-0819-498E-83BD-5111535C8965} = {555463EC-183F-4416-A627-05BFA7186929}
		{B6A3BA0B-8C7E-4AA1-84F3-B2DC3507BB91} = {DCDE54CC-943D-4D61-8DE7-25092B5F832A}
		{9C6A23A5-C421-4459-9427-7DF9317A6373} = {DCDE54CC-943D-4D61-8DE7-25092B5F832A}
		{C90C06AD-CEAA-4B21-8F92-7D1DF87325B7} = {B6A3BA0B-8C7E-4AA1-84F3-B2DC3507BB91}
		{6C0E253D-FB5B-4DFC-9C77-CF1E00DE4899} = {9C6A23A5-C421-4459-9427-7DF9317A6373}
		{5C445A05-5698-40CC-A2C5-61AD778521D4} = {FA0ABDF2-4E73-440E-B961-1EACD58D0B5E}
		{79CF0436-6BB7-4C09-9635-345B833F10B2} = {B6A3BA0B-8C7E-4AA1-84F3-B2DC3507BB91}
		{43CD9202-F1AA-4E9C-B8E2-94DBE4687F19} = {B6A3BA0B-8C7E-4AA1-84F3-B2DC3507BB91}
		{376EC453-764D-4FDA-A7B9-10D8CC0EE682} = {B6A3BA0B-8C7E-4AA1-84F3-B2DC3507BB91}
		{65029AA4-E64F-4F5E-BE39-D46805B86A60} = {B6A3BA0B-8C7E-4AA1-84F3-B2DC3507BB91}
		{8D311C19-A082-4E29-B2A4-C8A748AFFAD6} = {B6A3BA0B-8C7E-4AA1-84F3-B2DC3507BB91}
		{F1FFDD68-DD2A-46CD-8542-C16EBEFA3AF8} = {B6A3BA0B-8C7E-4AA1-84F3-B2DC3507BB91}
		{5FDF6F00-5B08-4A0A-A896-1BA1CA095141} = {9C6A23A5-C421-4459-9427-7DF9317A6373}
		{71EEEBB8-DB61-4600-A74A-1BD4F785DB63} = {9C6A23A5-C421-4459-9427-7DF9317A6373}
		{D5C9B4FF-EB9A-4E31-AD3C-42CD58DEF1EA} = {9C6A23A5-C421-4459-9427-7DF9317A6373}
		{E53E7755-C6B6-4DC1-832F-4AFCE9B92AE9} = {9C6A23A5-C421-4459-9427-7DF9317A6373}
		{05960D40-C361-4FE8-AA84-44A8D954324D} = {9C6A23A5-C421-4459-9427-7DF9317A6373}
		{4334B9FB-D6E2-4F3B-BCBE-0C006759C815} = {9C6A23A5-C421-4459-9427-7DF9317A6373}
	EndGlobalSection
	GlobalSection(ExtensibilityGlobals) = postSolution
		SolutionGuid = {A3BDD202-B796-4C91-B9FE-CA035D08EBFA}
	EndGlobalSection
EndGlobal
